
Microsoft Visual Studio Solution File, Format Version 11.00
# Visual Studio 2010
Project("{FAE04EC0-301F-11D3-BF4B-00C04F79EFBC}") = "2DEngine", "ClassLibrary1\2DEngine.csproj", "{F1BDD8CE-45B3-49EF-9B01-862E8F3917B1}"
EndProject
Global
	GlobalSection(SolutionConfigurationPlatforms) = preSolution
		Debug|Any CPU = Debug|Any CPU
		Release|Any CPU = Release|Any CPU
	EndGlobalSection
	GlobalSection(ProjectConfigurationPlatforms) = postSolution
		{F1BDD8CE-45B3-49EF-9B01-862E8F3917B1}.Debug|Any CPU.ActiveCfg = Debug|Any CPU
		{F1BDD8CE-45B3-49EF-9B01-862E8F3917B1}.Debug|Any CPU.Build.0 = Debug|Any CPU
		{F1BDD8CE-45B3-49EF-9B01-862E8F3917B1}.Release|Any CPU.ActiveCfg = Release|Any CPU
		{F1BDD8CE-45B3-49EF-9B01-862E8F3917B1}.Release|Any CPU.Build.0 = Release|Any CPU
	EndGlobalSection
	GlobalSection(SolutionProperties) = preSolution
		HideSolutionNode = FALSE
	EndGlobalSection
EndGlobal
